
Microsoft Visual Studio Solution File, Format Version 12.00
# Visual Studio 2012
Project("{FAE04EC0-301F-11D3-BF4B-00C04F79EFBC}") = "SpikeCheckoutKataApi.Web", "SpikeCheckoutKataApi.Web\SpikeCheckoutKataApi.Web.csproj", "{150E2CC9-7539-4F37-A2F6-E6FEA6194F41}"
EndProject
Project("{FAE04EC0-301F-11D3-BF4B-00C04F79EFBC}") = "SpikeCheckoutKataApi.Specs", "SpikeCheckoutKataApi.Specs\SpikeCheckoutKataApi.Specs.csproj", "{1D12895F-FCF8-41EB-8A1C-B56DC3BD6A7F}"
EndProject
Project("{FAE04EC0-301F-11D3-BF4B-00C04F79EFBC}") = "SpikeCheckoutKataApi.Tests", "SpikeCheckoutKataApi.Tests\SpikeCheckoutKataApi.Tests.csproj", "{27E96321-8901-454A-A07F-FB05CF1AC300}"
EndProject
Project("{2150E333-8FDC-42A3-9474-1A3956D46DE8}") = ".nuget", ".nuget", "{FA7BDC1F-706F-49E3-8D7E-BBACFD661202}"
	ProjectSection(SolutionItems) = preProject
		.nuget\NuGet.Config = .nuget\NuGet.Config
		.nuget\NuGet.exe = .nuget\NuGet.exe
		.nuget\NuGet.targets = .nuget\NuGet.targets
	EndProjectSection
EndProject
Global
	GlobalSection(SolutionConfigurationPlatforms) = preSolution
		Debug|Any CPU = Debug|Any CPU
		Release|Any CPU = Release|Any CPU
	EndGlobalSection
	GlobalSection(ProjectConfigurationPlatforms) = postSolution
		{150E2CC9-7539-4F37-A2F6-E6FEA6194F41}.Debug|Any CPU.ActiveCfg = Debug|Any CPU
		{150E2CC9-7539-4F37-A2F6-E6FEA6194F41}.Debug|Any CPU.Build.0 = Debug|Any CPU
		{150E2CC9-7539-4F37-A2F6-E6FEA6194F41}.Release|Any CPU.ActiveCfg = Release|Any CPU
		{150E2CC9-7539-4F37-A2F6-E6FEA6194F41}.Release|Any CPU.Build.0 = Release|Any CPU
		{1D12895F-FCF8-41EB-8A1C-B56DC3BD6A7F}.Debug|Any CPU.ActiveCfg = Debug|Any CPU
		{1D12895F-FCF8-41EB-8A1C-B56DC3BD6A7F}.Debug|Any CPU.Build.0 = Debug|Any CPU
		{1D12895F-FCF8-41EB-8A1C-B56DC3BD6A7F}.Release|Any CPU.ActiveCfg = Release|Any CPU
		{1D12895F-FCF8-41EB-8A1C-B56DC3BD6A7F}.Release|Any CPU.Build.0 = Release|Any CPU
		{27E96321-8901-454A-A07F-FB05CF1AC300}.Debug|Any CPU.ActiveCfg = Debug|Any CPU
		{27E96321-8901-454A-A07F-FB05CF1AC300}.Debug|Any CPU.Build.0 = Debug|Any CPU
		{27E96321-8901-454A-A07F-FB05CF1AC300}.Release|Any CPU.ActiveCfg = Release|Any CPU
		{27E96321-8901-454A-A07F-FB05CF1AC300}.Release|Any CPU.Build.0 = Release|Any CPU
	EndGlobalSection
	GlobalSection(SolutionProperties) = preSolution
		HideSolutionNode = FALSE
	EndGlobalSection
EndGlobal
